
Microsoft Visual Studio Solution File, Format Version 12.00
# Visual Studio Version 16
VisualStudioVersion = 16.0.29613.14
MinimumVisualStudioVersion = 10.0.40219.1
Project("{8BC9CEB8-8B4A-11D0-8D11-00A0C91BC942}") = "Game_M", "Game_M.vcxproj", "{02D7F44D-6058-455E-8A90-8457847E275F}"
EndProject
Project("{8BC9CEB8-8B4A-11D0-8D11-00A0C91BC942}") = "Game_M_Tests", "Game_M_Tests\Game_M_Tests.vcxproj", "{6090B861-1FAF-4B23-944A-3C38BD7DCA34}"
EndProject
Global
	GlobalSection(SolutionConfigurationPlatforms) = preSolution
		Debug|x64 = Debug|x64
		Debug|x86 = Debug|x86
		Release|x64 = Release|x64
		Release|x86 = Release|x86
	EndGlobalSection
	GlobalSection(ProjectConfigurationPlatforms) = postSolution
		{02D7F44D-6058-455E-8A90-8457847E275F}.Debug|x64.ActiveCfg = Debug|x64
		{02D7F44D-6058-455E-8A90-8457847E275F}.Debug|x64.Build.0 = Debug|x64
		{02D7F44D-6058-455E-8A90-8457847E275F}.Debug|x86.ActiveCfg = Debug|Win32
		{02D7F44D-6058-455E-8A90-8457847E275F}.Debug|x86.Build.0 = Debug|Win32
		{02D7F44D-6058-455E-8A90-8457847E275F}.Release|x64.ActiveCfg = Release|x64
		{02D7F44D-6058-455E-8A90-8457847E275F}.Release|x64.Build.0 = Release|x64
		{02D7F44D-6058-455E-8A90-8457847E275F}.Release|x86.ActiveCfg = Release|Win32
		{02D7F44D-6058-455E-8A90-8457847E275F}.Release|x86.Build.0 = Release|Win32
		{6090B861-1FAF-4B23-944A-3C38BD7DCA34}.Debug|x64.ActiveCfg = Debug|x64
		{6090B861-1FAF-4B23-944A-3C38BD7DCA34}.Debug|x64.Build.0 = Debug|x64
		{6090B861-1FAF-4B23-944A-3C38BD7DCA34}.Debug|x86.ActiveCfg = Debug|Win32
		{6090B861-1FAF-4B23-944A-3C38BD7DCA34}.Debug|x86.Build.0 = Debug|Win32
		{6090B861-1FAF-4B23-944A-3C38BD7DCA34}.Release|x64.ActiveCfg = Release|x64
		{6090B861-1FAF-4B23-944A-3C38BD7DCA34}.Release|x64.Build.0 = Release|x64
		{6090B861-1FAF-4B23-944A-3C38BD7DCA34}.Release|x86.ActiveCfg = Release|Win32
		{6090B861-1FAF-4B23-944A-3C38BD7DCA34}.Release|x86.Build.0 = Release|Win32
	EndGlobalSection
	GlobalSection(SolutionProperties) = preSolution
		HideSolutionNode = FALSE
	EndGlobalSection
	GlobalSection(ExtensibilityGlobals) = postSolution
		SolutionGuid = {AA2235EF-7C03-4C24-9DA1-3A730B8B1EE5}
	EndGlobalSection
EndGlobal
